// !$*UTF8*$!
{
	archiveVersion = 1;
	classes = {
	};
	objectVersion = 48;
	objects = {

/* Begin PBXBuildFile section */
		D687EC87214F7AA40008D48F /* AppDelegate.m in Sources */ = {isa = PBXBuildFile; fileRef = D687EC86214F7AA40008D48F /* AppDelegate.m */; };
		D687EC8A214F7AA40008D48F /* ViewController.m in Sources */ = {isa = PBXBuildFile; fileRef = D687EC89214F7AA40008D48F /* ViewController.m */; };
		D687EC8D214F7AA40008D48F /* Main.storyboard in Resources */ = {isa = PBXBuildFile; fileRef = D687EC8B214F7AA40008D48F /* Main.storyboard */; };
		D687EC8F214F7AA40008D48F /* Assets.xcassets in Resources */ = {isa = PBXBuildFile; fileRef = D687EC8E214F7AA40008D48F /* Assets.xcassets */; };
		D687EC92214F7AA40008D48F /* LaunchScreen.storyboard in Resources */ = {isa = PBXBuildFile; fileRef = D687EC90214F7AA40008D48F /* LaunchScreen.storyboard */; };
		D687EC95214F7AA40008D48F /* main.m in Sources */ = {isa = PBXBuildFile; fileRef = D687EC94214F7AA40008D48F /* main.m */; };
/* End PBXBuildFile section */

/* Begin PBXFileReference section */
		D687EC82214F7AA40008D48F /* BLNetworkDemo.app */ = {isa = PBXFileReference; explicitFileType = wrapper.application; includeInIndex = 0; path = BLNetworkDemo.app; sourceTree = BUILT_PRODUCTS_DIR; };
		D687EC85214F7AA40008D48F /* AppDelegate.h */ = {isa = PBXFileReference; lastKnownFileType = sourcecode.c.h; path = AppDelegate.h; sourceTree = "<group>"; };
		D687EC86214F7AA40008D48F /* AppDelegate.m */ = {isa = PBXFileReference; lastKnownFileType = sourcecode.c.objc; path = AppDelegate.m; sourceTree = "<group>"; };
		D687EC88214F7AA40008D48F /* ViewController.h */ = {isa = PBXFileReference; lastKnownFileType = sourcecode.c.h; path = ViewController.h; sourceTree = "<group>"; };
		D687EC89214F7AA40008D48F /* ViewController.m */ = {isa = PBXFileReference; lastKnownFileType = sourcecode.c.objc; path = ViewController.m; sourceTree = "<group>"; };
		D687EC8C214F7AA40008D48F /* Base */ = {isa = PBXFileReference; lastKnownFileType = file.storyboard; name = Base; path = Base.lproj/Main.storyboard; sourceTree = "<group>"; };
		D687EC8E214F7AA40008D48F /* Assets.xcassets */ = {isa = PBXFileReference; lastKnownFileType = folder.assetcatalog; path = Assets.xcassets; sourceTree = "<group>"; };
		D687EC91214F7AA40008D48F /* Base */ = {isa = PBXFileReference; lastKnownFileType = file.storyboard; name = Base; path = Base.lproj/LaunchScreen.storyboard; sourceTree = "<group>"; };
		D687EC93214F7AA40008D48F /* Info.plist */ = {isa = PBXFileReference; lastKnownFileType = text.plist.xml; path = Info.plist; sourceTree = "<group>"; };
		D687EC94214F7AA40008D48F /* main.m */ = {isa = PBXFileReference; lastKnownFileType = sourcecode.c.objc; path = main.m; sourceTree = "<group>"; };
/* End PBXFileReference section */

/* Begin PBXFrameworksBuildPhase section */
		D687EC7F214F7AA40008D48F /* Frameworks */ = {
			isa = PBXFrameworksBuildPhase;
			buildActionMask = 2147483647;
			files = (
			);
			runOnlyForDeploymentPostprocessing = 0;
		};
/* End PBXFrameworksBuildPhase section */

/* Begin PBXGroup section */
		D687EC79214F7AA40008D48F = {
			isa = PBXGroup;
			children = (
				D687EC84214F7AA40008D48F /* BLNetworkDemo */,
				D687EC83214F7AA40008D48F /* Products */,
			);
			sourceTree = "<group>";
		};
		D687EC83214F7AA40008D48F /* Products */ = {
			isa = PBXGroup;
			children = (
				D687EC82214F7AA40008D48F /* BLNetworkDemo.app */,
			);
			name = Products;
			sourceTree = "<group>";
		};
		D687EC84214F7AA40008D48F /* BLNetworkDemo */ = {
			isa = PBXGroup;
			children = (
				D687EC85214F7AA40008D48F /* AppDelegate.h */,
				D687EC86214F7AA40008D48F /* AppDelegate.m */,
				D687EC88214F7AA40008D48F /* ViewController.h */,
				D687EC89214F7AA40008D48F /* ViewController.m */,
				D687EC8B214F7AA40008D48F /* Main.storyboard */,
				D687EC8E214F7AA40008D48F /* Assets.xcassets */,
				D687EC90214F7AA40008D48F /* LaunchScreen.storyboard */,
				D687EC93214F7AA40008D48F /* Info.plist */,
				D687EC94214F7AA40008D48F /* main.m */,
			);
			path = BLNetworkDemo;
			sourceTree = "<group>";
		};
/* End PBXGroup section */

/* Begin PBXNativeTarget section */
		D687EC81214F7AA40008D48F /* BLNetworkDemo */ = {
			isa = PBXNativeTarget;
			buildConfigurationList = D687EC98214F7AA40008D48F /* Build configuration list for PBXNativeTarget "BLNetworkDemo" */;
			buildPhases = (
				D687EC7E214F7AA40008D48F /* Sources */,
				D687EC7F214F7AA40008D48F /* Frameworks */,
				D687EC80214F7AA40008D48F /* Resources */,
			);
			buildRules = (
			);
			dependencies = (
			);
			name = BLNetworkDemo;
			productName = BLNetworkDemo;
			productReference = D687EC82214F7AA40008D48F /* BLNetworkDemo.app */;
			productType = "com.apple.product-type.application";
		};
/* End PBXNativeTarget section */

/* Begin PBXProject section */
		D687EC7A214F7AA40008D48F /* Project object */ = {
			isa = PBXProject;
			attributes = {
				LastUpgradeCheck = 0920;
				ORGANIZATIONNAME = lightning;
				TargetAttributes = {
					D687EC81214F7AA40008D48F = {
						CreatedOnToolsVersion = 9.2;
						ProvisioningStyle = Automatic;
					};
				};
			};
			buildConfigurationList = D687EC7D214F7AA40008D48F /* Build configuration list for PBXProject "BLNetworkDemo" */;
			compatibilityVersion = "Xcode 8.0";
			developmentRegion = en;
			hasScannedForEncodings = 0;
			knownRegions = (
				en,
				Base,
			);
			mainGroup = D687EC79214F7AA40008D48F;
			productRefGroup = D687EC83214F7AA40008D48F /* Products */;
			projectDirPath = "";
			projectRoot = "";
			targets = (
				D687EC81214F7AA40008D48F /* BLNetworkDemo */,
			);
		};
/* End PBXProject section */

/* Begin PBXResourcesBuildPhase section */
		D687EC80214F7AA40008D48F /* Resources */ = {
			isa = PBXResourcesBuildPhase;
			buildActionMask = 2147483647;
			files = (
				D687EC92214F7AA40008D48F /* LaunchScreen.storyboard in Resources */,
				D687EC8F214F7AA40008D48F /* Assets.xcassets in Resources */,
				D687EC8D214F7AA40008D48F /* Main.storyboard in Resources */,
			);
			runOnlyForDeploymentPostprocessing = 0;
		};
/* End PBXResourcesBuildPhase section */

/* Begin PBXSourcesBuildPhase section */
		D687EC7E214F7AA40008D48F /* Sources */ = {
			isa = PBXSourcesBuildPhase;
			buildActionMask = 2147483647;
			files = (
				D687EC8A214F7AA40008D48F /* ViewController.m in Sources */,
				D687EC95214F7AA40008D48F /* main.m in Sources */,
				D687EC87214F7AA40008D48F /* AppDelegate.m in Sources */,
			);
			runOnlyForDeploymentPostprocessing = 0;
		};
/* End PBXSourcesBuildPhase section */

/* Begin PBXVariantGroup section */
		D687EC8B214F7AA40008D48F /* Main.storyboard */ = {
			isa = PBXVariantGroup;
			children = (
				D687EC8C214F7AA40008D48F /* Base */,
			);
			name = Main.storyboard;
			sourceTree = "<group>";
		};
		D687EC90214F7AA40008D48F /* LaunchScreen.storyboard */ = {
			isa = PBXVariantGroup;
			children = (
				D687EC91214F7AA40008D48F /* Base */,
			);
			name = LaunchScreen.storyboard;
			sourceTree = "<group>";
		};
/* End PBXVariantGroup section */

/* Begin XCBuildConfiguration section */
		D687EC96214F7AA40008D48F /* Debug */ = {
			isa = XCBuildConfiguration;
			buildSettings = {
				ALWAYS_SEARCH_USER_PATHS = NO;
				CLANG_ANALYZER_NONNULL = YES;
				CLANG_ANALYZER_NUMBER_OBJECT_CONVERSION = YES_AGGRESSIVE;
				CLANG_CXX_LANGUAGE_STANDARD = "gnu++14";
				CLANG_CXX_LIBRARY = "libc++";
				CLANG_ENABLE_MODULES = YES;
				CLANG_ENABLE_OBJC_ARC = YES;
				CLANG_WARN_BLOCK_CAPTURE_AUTORELEASING = YES;
				CLANG_WARN_BOOL_CONVERSION = YES;
				CLANG_WARN_COMMA = YES;
				CLANG_WARN_CONSTANT_CONVERSION = YES;
				CLANG_WARN_DIRECT_OBJC_ISA_USAGE = YES_ERROR;
				CLANG_WARN_DOCUMENTATION_COMMENTS = YES;
				CLANG_WARN_EMPTY_BODY = YES;
				CLANG_WARN_ENUM_CONVERSION = YES;
				CLANG_WARN_INFINITE_RECURSION = YES;
				CLANG_WARN_INT_CONVERSION = YES;
				CLANG_WARN_NON_LITERAL_NULL_CONVERSION = YES;
				CLANG_WARN_OBJC_LITERAL_CONVERSION = YES;
				CLANG_WARN_OBJC_ROOT_CLASS = YES_ERROR;
				CLANG_WARN_RANGE_LOOP_ANALYSIS = YES;
				CLANG_WARN_STRICT_PROTOTYPES = YES;
				CLANG_WARN_SUSPICIOUS_MOVE = YES;
				CLANG_WARN_UNGUARDED_AVAILABILITY = YES_AGGRESSIVE;
				CLANG_WARN_UNREACHABLE_CODE = YES;
				CLANG_WARN__DUPLICATE_METHOD_MATCH = YES;
				CODE_SIGN_IDENTITY = "iPhone Developer";
				COPY_PHASE_STRIP = NO;
				DEBUG_INFORMATION_FORMAT = dwarf;
				ENABLE_STRICT_OBJC_MSGSEND = YES;
				ENABLE_TESTABILITY = YES;
				GCC_C_LANGUAGE_STANDARD = gnu11;
				GCC_DYNAMIC_NO_PIC = NO;
				GCC_NO_COMMON_BLOCKS = YES;
				GCC_OPTIMIZATION_LEVEL = 0;
				GCC_PREPROCESSOR_DEFINITIONS = (
					"DEBUG=1",
					"$(inherited)",
				);
				GCC_WARN_64_TO_32_BIT_CONVERSION = YES;
				GCC_WARN_ABOUT_RETURN_TYPE = YES_ERROR;
				GCC_WARN_UNDECLARED_SELECTOR = YES;
				GCC_WARN_UNINITIALIZED_AUTOS = YES_AGGRESSIVE;
				GCC_WARN_UNUSED_FUNCTION = YES;
				GCC_WARN_UNUSED_VARIABLE = YES;
				IPHONEOS_DEPLOYMENT_TARGET = 11.2;
				MTL_ENABLE_DEBUG_INFO = YES;
				ONLY_ACTIVE_ARCH = YES;
				SDKROOT = iphoneos;
			};
			name = Debug;
		};
		D687EC97214F7AA40008D48F /* Release */ = {
			isa = XCBuildConfiguration;
			buildSettings = {
				ALWAYS_SEARCH_USER_PATHS = NO;
				CLANG_ANALYZER_NONNULL = YES;
				CLANG_ANALYZER_NUMBER_OBJECT_CONVERSION = YES_AGGRESSIVE;
				CLANG_CXX_LANGUAGE_STANDARD = "gnu++14";
				CLANG_CXX_LIBRARY = "libc++";
				CLANG_ENABLE_MODULES = YES;
				CLANG_ENABLE_OBJC_ARC = YES;
				CLANG_WARN_BLOCK_CAPTURE_AUTORELEASING = YES;
				CLANG_WARN_BOOL_CONVERSION = YES;
				CLANG_WARN_COMMA = YES;
				CLANG_WARN_CONSTANT_CONVERSION = YES;
				CLANG_WARN_DIRECT_OBJC_ISA_USAGE = YES_ERROR;
				CLANG_WARN_DOCUMENTATION_COMMENTS = YES;
				CLANG_WARN_EMPTY_BODY = YES;
				CLANG_WARN_ENUM_CONVERSION = YES;
				CLANG_WARN_INFINITE_RECURSION = YES;
				CLANG_WARN_INT_CONVERSION = YES;
				CLANG_WARN_NON_LITERAL_NULL_CONVERSION = YES;
				CLANG_WARN_OBJC_LITERAL_CONVERSION = YES;
				CLANG_WARN_OBJC_ROOT_CLASS = YES_ERROR;
				CLANG_WARN_RANGE_LOOP_ANALYSIS = YES;
				CLANG_WARN_STRICT_PROTOTYPES = YES;
				CLANG_WARN_SUSPICIOUS_MOVE = YES;
				CLANG_WARN_UNGUARDED_AVAILABILITY = YES_AGGRESSIVE;
				CLANG_WARN_UNREACHABLE_CODE = YES;
				CLANG_WARN__DUPLICATE_METHOD_MATCH = YES;
				CODE_SIGN_IDENTITY = "iPhone Developer";
				COPY_PHASE_STRIP = NO;
				DEBUG_INFORMATION_FORMAT = "dwarf-with-dsym";
				ENABLE_NS_ASSERTIONS = NO;
				ENABLE_STRICT_OBJC_MSGSEND = YES;
				GCC_C_LANGUAGE_STANDARD = gnu11;
				GCC_NO_COMMON_BLOCKS = YES;
				GCC_WARN_64_TO_32_BIT_CONVERSION = YES;
				GCC_WARN_ABOUT_RETURN_TYPE = YES_ERROR;
				GCC_WARN_UNDECLARED_SELECTOR = YES;
				GCC_WARN_UNINITIALIZED_AUTOS = YES_AGGRESSIVE;
				GCC_WARN_UNUSED_FUNCTION = YES;
				GCC_WARN_UNUSED_VARIABLE = YES;
				IPHONEOS_DEPLOYMENT_TARGET = 11.2;
				MTL_ENABLE_DEBUG_INFO = NO;
				SDKROOT = iphoneos;
				VALIDATE_PRODUCT = YES;
			};
			name = Release;
		};
		D687EC99214F7AA40008D48F /* Debug */ = {
			isa = XCBuildConfiguration;
			buildSettings = {
				ASSETCATALOG_COMPILER_APPICON_NAME = AppIcon;
				CODE_SIGN_STYLE = Automatic;
				DEVELOPMENT_TEAM = XXK6H9XJ6E;
				INFOPLIST_FILE = BLNetworkDemo/Info.plist;
				LD_RUNPATH_SEARCH_PATHS = "$(inherited) @executable_path/Frameworks";
				PRODUCT_BUNDLE_IDENTIFIER = bianla.BLNetworkDemo;
				PRODUCT_NAME = "$(TARGET_NAME)";
				TARGETED_DEVICE_FAMILY = "1,2";
			};
			name = Debug;
		};
		D687EC9A214F7AA40008D48F /* Release */ = {
			isa = XCBuildConfiguration;
			buildSettings = {
				ASSETCATALOG_COMPILER_APPICON_NAME = AppIcon;
				CODE_SIGN_STYLE = Automatic;
				DEVELOPMENT_TEAM = XXK6H9XJ6E;
				INFOPLIST_FILE = BLNetworkDemo/Info.plist;
				LD_RUNPATH_SEARCH_PATHS = "$(inherited) @executable_path/Frameworks";
				PRODUCT_BUNDLE_IDENTIFIER = bianla.BLNetworkDemo;
				PRODUCT_NAME = "$(TARGET_NAME)";
				TARGETED_DEVICE_FAMILY = "1,2";
			};
			name = Release;
		};
/* End XCBuildConfiguration section */

/* Begin XCConfigurationList section */
		D687EC7D214F7AA40008D48F /* Build configuration list for PBXProject "BLNetworkDemo" */ = {
			isa = XCConfigurationList;
			buildConfigurations = (
				D687EC96214F7AA40008D48F /* Debug */,
				D687EC97214F7AA40008D48F /* Release */,
			);
			defaultConfigurationIsVisible = 0;
			defaultConfigurationName = Release;
		};
		D687EC98214F7AA40008D48F /* Build configuration list for PBXNativeTarget "BLNetworkDemo" */ = {
			isa = XCConfigurationList;
			buildConfigurations = (
				D687EC99214F7AA40008D48F /* Debug */,
				D687EC9A214F7AA40008D48F /* Release */,
			);
			defaultConfigurationIsVisible = 0;
			defaultConfigurationName = Release;
		};
/* End XCConfigurationList section */
	};
	rootObject = D687EC7A214F7AA40008D48F /* Project object */;
}
